Microsoft Visual Studio Solution File, Format Version 12.00
# Visual Studio 15
VisualStudioVersion = 15.0.26430.13
MinimumVisualStudioVersion = 15.0.26124.0
Project("{9A19103F-16F7-4668-BE54-9A1E7A4F7556}") = "nancy-app", "nancy-app.csproj", "{C1052C3E-7A9E-4419-833F-C797B14ABEEE}"
EndProject
Global
	GlobalSection(SolutionConfigurationPlatforms) = preSolution
		Debug|Any CPU = Debug|Any CPU
		Debug|MCD = Debug|MCD
		Debug|x64 = Debug|x64
		Debug|x86 = Debug|x86
		Release|Any CPU = Release|Any CPU
		Release|MCD = Release|MCD
		Release|x64 = Release|x64
		Release|x86 = Release|x86
	EndGlobalSection
	GlobalSection(ProjectConfigurationPlatforms) = postSolution
		{C1052C3E-7A9E-4419-833F-C797B14ABEEE}.Debug|Any CPU.ActiveCfg = Debug|Any CPU
		{C1052C3E-7A9E-4419-833F-C797B14ABEEE}.Debug|Any CPU.Build.0 = Debug|Any CPU
		{C1052C3E-7A9E-4419-833F-C797B14ABEEE}.Debug|MCD.ActiveCfg = Debug|Any CPU
		{C1052C3E-7A9E-4419-833F-C797B14ABEEE}.Debug|MCD.Build.0 = Debug|Any CPU
		{C1052C3E-7A9E-4419-833F-C797B14ABEEE}.Debug|x64.ActiveCfg = Debug|Any CPU
		{C1052C3E-7A9E-4419-833F-C797B14ABEEE}.Debug|x64.Build.0 = Debug|Any CPU
		{C1052C3E-7A9E-4419-833F-C797B14ABEEE}.Debug|x86.ActiveCfg = Debug|Any CPU
		{C1052C3E-7A9E-4419-833F-C797B14ABEEE}.Debug|x86.Build.0 = Debug|Any CPU
		{C1052C3E-7A9E-4419-833F-C797B14ABEEE}.Release|Any CPU.ActiveCfg = Release|Any CPU
		{C1052C3E-7A9E-4419-833F-C797B14ABEEE}.Release|Any CPU.Build.0 = Release|Any CPU
		{C1052C3E-7A9E-4419-833F-C797B14ABEEE}.Release|MCD.ActiveCfg = Release|Any CPU
		{C1052C3E-7A9E-4419-833F-C797B14ABEEE}.Release|MCD.Build.0 = Release|Any CPU
		{C1052C3E-7A9E-4419-833F-C797B14ABEEE}.Release|x64.ActiveCfg = Release|Any CPU
		{C1052C3E-7A9E-4419-833F-C797B14ABEEE}.Release|x64.Build.0 = Release|Any CPU
		{C1052C3E-7A9E-4419-833F-C797B14ABEEE}.Release|x86.ActiveCfg = Release|Any CPU
		{C1052C3E-7A9E-4419-833F-C797B14ABEEE}.Release|x86.Build.0 = Release|Any CPU
	EndGlobalSection
	GlobalSection(SolutionProperties) = preSolution
		HideSolutionNode = FALSE
	EndGlobalSection
EndGlobal
